[root]
name = "transform"
version = "0.1.0"
dependencies = [
 "serde 0.8.16 (registry+https://github.com/rust-lang/crates.io-index)",
 "serde_json 0.8.3 (registry+https://github.com/rust-lang/crates.io-index)",
 "serde_yaml 0.5.0 (registry+https://github.com/rust-lang/crates.io-index)",
 "toml 0.2.1 (registry+https://github.com/rust-lang/crates.io-index)",
]

[[package]]
name = "dtoa"
version = "0.2.2"
source = "registry+https://github.com/rust-lang/crates.io-index"

[[package]]
name = "itoa"
version = "0.1.1"
source = "registry+https://github.com/rust-lang/crates.io-index"

[[package]]
name = "linked-hash-map"
version = "0.3.0"
source = "registry+https://github.com/rust-lang/crates.io-index"
dependencies = [
 "serde 0.8.16 (registry+https://github.com/rust-lang/crates.io-index)",
 "serde_test 0.8.16 (registry+https://github.com/rust-lang/crates.io-index)",
]

[[package]]
name = "num-traits"
version = "0.1.36"
source = "registry+https://github.com/rust-lang/crates.io-index"

[[package]]
name = "serde"
version = "0.8.16"
source = "registry+https://github.com/rust-lang/crates.io-index"

[[package]]
name = "serde_json"
version = "0.8.3"
source = "registry+https://github.com/rust-lang/crates.io-index"
dependencies = [
 "dtoa 0.2.2 (registry+https://github.com/rust-lang/crates.io-index)",
 "itoa 0.1.1 (registry+https://github.com/rust-lang/crates.io-index)",
 "num-traits 0.1.36 (registry+https://github.com/rust-lang/crates.io-index)",
 "serde 0.8.16 (registry+https://github.com/rust-lang/crates.io-index)",
]

[[package]]
name = "serde_test"
version = "0.8.16"
source = "registry+https://github.com/rust-lang/crates.io-index"
dependencies = [
 "serde 0.8.16 (registry+https://github.com/rust-lang/crates.io-index)",
]

[[package]]
name = "serde_yaml"
version = "0.5.0"
source = "registry+https://github.com/rust-lang/crates.io-index"
dependencies = [
 "dtoa 0.2.2 (registry+https://github.com/rust-lang/crates.io-index)",
 "linked-hash-map 0.3.0 (registry+https://github.com/rust-lang/crates.io-index)",
 "serde 0.8.16 (registry+https://github.com/rust-lang/crates.io-index)",
 "yaml-rust 0.3.4 (registry+https://github.com/rust-lang/crates.io-index)",
]

[[package]]
name = "toml"
version = "0.2.1"
source = "registry+https://github.com/rust-lang/crates.io-index"
dependencies = [
 "serde 0.8.16 (registry+https://github.com/rust-lang/crates.io-index)",
]

[[package]]
name = "yaml-rust"
version = "0.3.4"
source = "registry+https://github.com/rust-lang/crates.io-index"
dependencies = [
 "linked-hash-map 0.3.0 (registry+https://github.com/rust-lang/crates.io-index)",
]

[metadata]
"checksum dtoa 0.2.2 (registry+https://github.com/rust-lang/crates.io-index)" = "0dd841b58510c9618291ffa448da2e4e0f699d984d436122372f446dae62263d"
"checksum itoa 0.1.1 (registry+https://github.com/rust-lang/crates.io-index)" = "ae3088ea4baeceb0284ee9eea42f591226e6beaecf65373e41b38d95a1b8e7a1"
"checksum linked-hash-map 0.3.0 (registry+https://github.com/rust-lang/crates.io-index)" = "6d262045c5b87c0861b3f004610afd0e2c851e2908d08b6c870cbb9d5f494ecd"
"checksum num-traits 0.1.36 (registry+https://github.com/rust-lang/crates.io-index)" = "a16a42856a256b39c6d3484f097f6713e14feacd9bfb02290917904fae46c81c"
"checksum serde 0.8.16 (registry+https://github.com/rust-lang/crates.io-index)" = "1105e65d0a0b212d2d735c8b5a4f6aba2adc501e8ad4497e9f1a39e4c4ac943e"
"checksum serde_json 0.8.3 (registry+https://github.com/rust-lang/crates.io-index)" = "1cb6b19e74d9f65b9d03343730b643d729a446b29376785cd65efdff4675e2fc"
"checksum serde_test 0.8.16 (registry+https://github.com/rust-lang/crates.io-index)" = "0e7f5797db5774d9ceadc28c9ceb3b185c61b106685639cf2acb3dee370a1233"
"checksum serde_yaml 0.5.0 (registry+https://github.com/rust-lang/crates.io-index)" = "545e06a77016c26c2014f08d485d8845f63b6c4158acc5a6a9fff505bba30bf6"
"checksum toml 0.2.1 (registry+https://github.com/rust-lang/crates.io-index)" = "736b60249cb25337bc196faa43ee12c705e426f3d55c214d73a4e7be06f92cb4"
"checksum yaml-rust 0.3.4 (registry+https://github.com/rust-lang/crates.io-index)" = "371cea3a33a58d11dc83c0992fb37e44f651ebdf2df12f9d939f6cb24be2a8fd"
